
Microsoft Visual Studio Solution File, Format Version 12.00
# Visual Studio Version 17
VisualStudioVersion = 17.3.32929.385
MinimumVisualStudioVersion = 10.0.40219.1
Project("{2150E333-8FDC-42A3-9474-1A3956D46DE8}") = "tests", "tests", "{682A2D92-F409-43D5-9342-8DF5256F06CE}"
EndProject
Project("{FAE04EC0-301F-11D3-BF4B-00C04F79EFBC}") = "Bodoconsult.App", "src\Bodoconsult.App\Bodoconsult.App.csproj", "{D5FED76C-2B11-4067-86F8-022CB06DCB60}"
EndProject
Project("{FAE04EC0-301F-11D3-BF4B-00C04F79EFBC}") = "Bodoconsult.App.WinForms", "src\Bodoconsult.App.WinForms\Bodoconsult.App.WinForms.csproj", "{C21D3EAC-B788-4FF8-BB87-D6C9DCC352BF}"
EndProject
Project("{2150E333-8FDC-42A3-9474-1A3956D46DE8}") = "samples", "samples", "{6A52BEBE-4E44-41AC-8D1B-748DFA27D902}"
EndProject
Project("{FAE04EC0-301F-11D3-BF4B-00C04F79EFBC}") = "ConsoleApp1", "samples\ConsoleApp1\ConsoleApp1.csproj", "{317E0AE0-4243-4238-8BAF-1E44AE97AA9B}"
EndProject
Project("{FAE04EC0-301F-11D3-BF4B-00C04F79EFBC}") = "Bodoconsult.App.Test", "tests\Bodoconsult.App.Test\Bodoconsult.App.Test.csproj", "{05A17D64-9B2A-410E-888F-9C7989F81506}"
EndProject
Project("{FAE04EC0-301F-11D3-BF4B-00C04F79EFBC}") = "Bodoconsult.I18N", "src\Bodoconsult.I18N\Bodoconsult.I18N.csproj", "{D52376C0-97A8-48A2-A632-5713B2FC1BA3}"
EndProject
Project("{FAE04EC0-301F-11D3-BF4B-00C04F79EFBC}") = "Bodoconsult.I18N.Test", "tests\Bodoconsult.I18N.Test\Bodoconsult.I18N.Test.csproj", "{79B54E4E-6423-427D-997D-103F3F7AC31D}"
EndProject
Project("{FAE04EC0-301F-11D3-BF4B-00C04F79EFBC}") = "Bodoconsult.App.Windows", "src\Bodoconsult.App.Windows\Bodoconsult.App.Windows.csproj", "{2162D628-81EC-463B-B938-487AD8B73D9B}"
EndProject
Project("{FAE04EC0-301F-11D3-BF4B-00C04F79EFBC}") = "Bodoconsult.App.Windows.Test", "tests\Bodoconsult.App.Windows.Test\Bodoconsult.App.Windows.Test.csproj", "{5331EB87-AF76-4A4F-B779-C18D6C785EF3}"
EndProject
Project("{FAE04EC0-301F-11D3-BF4B-00C04F79EFBC}") = "WinFormsConsoleApp1", "samples\WinFormsConsoleApp1\WinFormsConsoleApp1.csproj", "{18EA930B-CCB6-4CC1-BF9D-8BD3C2E452B9}"
EndProject
Project("{FAE04EC0-301F-11D3-BF4B-00C04F79EFBC}") = "WinFormsApp1", "samples\WinFormsApp1\WinFormsApp1.csproj", "{94E7253B-A2AF-46D0-A788-93A367C9C15D}"
EndProject
Project("{2150E333-8FDC-42A3-9474-1A3956D46DE8}") = "Projektmappenelemente", "Projektmappenelemente", "{84D27F74-D2BA-6C25-2661-968F101900D9}"
	ProjectSection(SolutionItems) = preProject
		.editorconfig = .editorconfig
		nuget_publish.bat = nuget_publish.bat
		README.md = README.md
	EndProjectSection
EndProject
Project("{FAE04EC0-301F-11D3-BF4B-00C04F79EFBC}") = "WorkerService1", "samples\WorkerService1\WorkerService1.csproj", "{4FEA5F3D-58AA-4F54-9E9C-5E60EAB60BC0}"
EndProject
Project("{FAE04EC0-301F-11D3-BF4B-00C04F79EFBC}") = "Bodoconsult.App.BackgroundService", "src\Bodoconsult.App.BackgroundService\Bodoconsult.App.BackgroundService.csproj", "{8CBB5DB0-AE9B-460F-A0D5-E0DDBFA62900}"
EndProject
Project("{2150E333-8FDC-42A3-9474-1A3956D46DE8}") = "GrpcServerApp", "GrpcServerApp", "{02EA681E-C7D8-13C7-8484-4AC65E1B71E8}"
EndProject
Project("{FAE04EC0-301F-11D3-BF4B-00C04F79EFBC}") = "GrpcServerApp", "samples\GrpcClientServer\GrpcServerApp\GrpcServerApp\GrpcServerApp.csproj", "{06C495C2-CC49-7B04-85F7-EA7C1B03167F}"
EndProject
Project("{FAE04EC0-301F-11D3-BF4B-00C04F79EFBC}") = "GrpcServerApp.Grpc", "samples\GrpcClientServer\GrpcServerApp\GrpcServerApp.Grpc\GrpcServerApp.Grpc.csproj", "{33694C1A-D701-4ADD-9395-33E5E6A32079}"
EndProject
Project("{FAE04EC0-301F-11D3-BF4B-00C04F79EFBC}") = "GrpcServerApp.BusinessLogic", "samples\GrpcClientServer\GrpcServerApp\GrpcServerApp.BusinessLogic\GrpcServerApp.BusinessLogic.csproj", "{ABCA5875-1BB7-4E32-A6B0-12B35F0C2649}"
EndProject
Project("{FAE04EC0-301F-11D3-BF4B-00C04F79EFBC}") = "GrpcServerApp.Grpc.Common", "samples\GrpcClientServer\GrpcServerApp\GrpcServerApp.Grpc.Common\GrpcServerApp.Grpc.Common.csproj", "{6E9639EA-CD5D-4A30-9E4E-C23929FC5DFC}"
EndProject
Project("{FAE04EC0-301F-11D3-BF4B-00C04F79EFBC}") = "GrpcServerApps.Tests", "samples\GrpcClientServer\Tests\GrpcServerApps.Tests\GrpcServerApps.Tests.csproj", "{A1BE94EA-93CA-4FD9-9AFC-A65DEB7D2EE6}"
EndProject
Project("{FAE04EC0-301F-11D3-BF4B-00C04F79EFBC}") = "Bodoconsult.App.GrpcBackgroundService", "src\Bodoconsult.App.GrpcBackgroundService\Bodoconsult.App.GrpcBackgroundService.csproj", "{39125BEF-5FE8-4C26-894C-E47A4F2F9D74}"
EndProject
Project("{FAE04EC0-301F-11D3-BF4B-00C04F79EFBC}") = "GrpcServerApp.Common", "samples\GrpcClientServer\GrpcServerApp\GrpcServerApp.Common\GrpcServerApp.Common.csproj", "{FFB794B2-156E-4603-A916-E30365F710E2}"
EndProject
Project("{2150E333-8FDC-42A3-9474-1A3956D46DE8}") = "GrpcClientServer", "GrpcClientServer", "{C6043D8C-C340-429F-B214-1F7E7CF3B805}"
EndProject
Project("{2150E333-8FDC-42A3-9474-1A3956D46DE8}") = "GrpcClientApp", "GrpcClientApp", "{19D3151C-0C81-4C9D-9F55-06158204B937}"
EndProject
Project("{FAE04EC0-301F-11D3-BF4B-00C04F79EFBC}") = "Bodoconsult.App.GrpcBackgroundService.Tests", "tests\Bodoconsult.AppInfrastructure.GrpcBackgroundService.Tests\Bodoconsult.App.GrpcBackgroundService.Tests.csproj", "{8AD87934-D64F-4036-A4D7-F8F3FB9396F4}"
EndProject
Project("{2150E333-8FDC-42A3-9474-1A3956D46DE8}") = "src", "src", "{68310C5A-62F2-40F4-A5C6-0314FDAC28E1}"
EndProject
Project("{FAE04EC0-301F-11D3-BF4B-00C04F79EFBC}") = "Bodoconsult.App.Abstractions", "src\Bodoconsult.App.Abstractions\Bodoconsult.App.Abstractions.csproj", "{870FCD5C-7A26-46F7-A389-2A1C896813B7}"
EndProject
Project("{FAE04EC0-301F-11D3-BF4B-00C04F79EFBC}") = "Bodoconsult.App.Wpf", "src\Bodoconsult.App.Wpf\Bodoconsult.App.Wpf.csproj", "{E08ADE64-676F-0764-F0A0-DFA772E9B23F}"
EndProject
Project("{FAE04EC0-301F-11D3-BF4B-00C04F79EFBC}") = "Bodoconsult.Wpf.Application.Test", "tests\Bodoconsult.App.Wpf.Test\Bodoconsult.Wpf.Application.Test.csproj", "{EEB17E09-55AA-2931-B55E-61B055468E6E}"
EndProject
Project("{FAE04EC0-301F-11D3-BF4B-00C04F79EFBC}") = "WpfConsoleApp1", "samples\WpfConsoleApp1\WpfConsoleApp1.csproj", "{FF0A2381-F7DE-4ADF-A9CB-1B8397583BA8}"
EndProject
Project("{FAE04EC0-301F-11D3-BF4B-00C04F79EFBC}") = "WpfApp1", "samples\WpfApp1\WpfApp1.csproj", "{14A3773A-8ADA-EEA2-C11A-17D56618468E}"
EndProject
Global
	GlobalSection(SolutionConfigurationPlatforms) = preSolution
		Debug|Any CPU = Debug|Any CPU
		Release|Any CPU = Release|Any CPU
	EndGlobalSection
	GlobalSection(ProjectConfigurationPlatforms) = postSolution
		{D5FED76C-2B11-4067-86F8-022CB06DCB60}.Debug|Any CPU.ActiveCfg = Debug|Any CPU
		{D5FED76C-2B11-4067-86F8-022CB06DCB60}.Debug|Any CPU.Build.0 = Debug|Any CPU
		{D5FED76C-2B11-4067-86F8-022CB06DCB60}.Release|Any CPU.ActiveCfg = Release|Any CPU
		{D5FED76C-2B11-4067-86F8-022CB06DCB60}.Release|Any CPU.Build.0 = Release|Any CPU
		{C21D3EAC-B788-4FF8-BB87-D6C9DCC352BF}.Debug|Any CPU.ActiveCfg = Debug|Any CPU
		{C21D3EAC-B788-4FF8-BB87-D6C9DCC352BF}.Debug|Any CPU.Build.0 = Debug|Any CPU
		{C21D3EAC-B788-4FF8-BB87-D6C9DCC352BF}.Release|Any CPU.ActiveCfg = Release|Any CPU
		{C21D3EAC-B788-4FF8-BB87-D6C9DCC352BF}.Release|Any CPU.Build.0 = Release|Any CPU
		{317E0AE0-4243-4238-8BAF-1E44AE97AA9B}.Debug|Any CPU.ActiveCfg = Debug|Any CPU
		{317E0AE0-4243-4238-8BAF-1E44AE97AA9B}.Debug|Any CPU.Build.0 = Debug|Any CPU
		{317E0AE0-4243-4238-8BAF-1E44AE97AA9B}.Release|Any CPU.ActiveCfg = Release|Any CPU
		{317E0AE0-4243-4238-8BAF-1E44AE97AA9B}.Release|Any CPU.Build.0 = Release|Any CPU
		{05A17D64-9B2A-410E-888F-9C7989F81506}.Debug|Any CPU.ActiveCfg = Debug|Any CPU
		{05A17D64-9B2A-410E-888F-9C7989F81506}.Debug|Any CPU.Build.0 = Debug|Any CPU
		{05A17D64-9B2A-410E-888F-9C7989F81506}.Release|Any CPU.ActiveCfg = Release|Any CPU
		{05A17D64-9B2A-410E-888F-9C7989F81506}.Release|Any CPU.Build.0 = Release|Any CPU
		{D52376C0-97A8-48A2-A632-5713B2FC1BA3}.Debug|Any CPU.ActiveCfg = Debug|Any CPU
		{D52376C0-97A8-48A2-A632-5713B2FC1BA3}.Debug|Any CPU.Build.0 = Debug|Any CPU
		{D52376C0-97A8-48A2-A632-5713B2FC1BA3}.Release|Any CPU.ActiveCfg = Release|Any CPU
		{D52376C0-97A8-48A2-A632-5713B2FC1BA3}.Release|Any CPU.Build.0 = Release|Any CPU
		{79B54E4E-6423-427D-997D-103F3F7AC31D}.Debug|Any CPU.ActiveCfg = Debug|Any CPU
		{79B54E4E-6423-427D-997D-103F3F7AC31D}.Debug|Any CPU.Build.0 = Debug|Any CPU
		{79B54E4E-6423-427D-997D-103F3F7AC31D}.Release|Any CPU.ActiveCfg = Release|Any CPU
		{79B54E4E-6423-427D-997D-103F3F7AC31D}.Release|Any CPU.Build.0 = Release|Any CPU
		{2162D628-81EC-463B-B938-487AD8B73D9B}.Debug|Any CPU.ActiveCfg = Debug|Any CPU
		{2162D628-81EC-463B-B938-487AD8B73D9B}.Debug|Any CPU.Build.0 = Debug|Any CPU
		{2162D628-81EC-463B-B938-487AD8B73D9B}.Release|Any CPU.ActiveCfg = Release|Any CPU
		{2162D628-81EC-463B-B938-487AD8B73D9B}.Release|Any CPU.Build.0 = Release|Any CPU
		{5331EB87-AF76-4A4F-B779-C18D6C785EF3}.Debug|Any CPU.ActiveCfg = Debug|Any CPU
		{5331EB87-AF76-4A4F-B779-C18D6C785EF3}.Debug|Any CPU.Build.0 = Debug|Any CPU
		{5331EB87-AF76-4A4F-B779-C18D6C785EF3}.Release|Any CPU.ActiveCfg = Release|Any CPU
		{5331EB87-AF76-4A4F-B779-C18D6C785EF3}.Release|Any CPU.Build.0 = Release|Any CPU
		{18EA930B-CCB6-4CC1-BF9D-8BD3C2E452B9}.Debug|Any CPU.ActiveCfg = Debug|Any CPU
		{18EA930B-CCB6-4CC1-BF9D-8BD3C2E452B9}.Debug|Any CPU.Build.0 = Debug|Any CPU
		{18EA930B-CCB6-4CC1-BF9D-8BD3C2E452B9}.Release|Any CPU.ActiveCfg = Release|Any CPU
		{18EA930B-CCB6-4CC1-BF9D-8BD3C2E452B9}.Release|Any CPU.Build.0 = Release|Any CPU
		{94E7253B-A2AF-46D0-A788-93A367C9C15D}.Debug|Any CPU.ActiveCfg = Debug|Any CPU
		{94E7253B-A2AF-46D0-A788-93A367C9C15D}.Debug|Any CPU.Build.0 = Debug|Any CPU
		{94E7253B-A2AF-46D0-A788-93A367C9C15D}.Release|Any CPU.ActiveCfg = Release|Any CPU
		{94E7253B-A2AF-46D0-A788-93A367C9C15D}.Release|Any CPU.Build.0 = Release|Any CPU
		{4FEA5F3D-58AA-4F54-9E9C-5E60EAB60BC0}.Debug|Any CPU.ActiveCfg = Debug|Any CPU
		{4FEA5F3D-58AA-4F54-9E9C-5E60EAB60BC0}.Debug|Any CPU.Build.0 = Debug|Any CPU
		{4FEA5F3D-58AA-4F54-9E9C-5E60EAB60BC0}.Release|Any CPU.ActiveCfg = Release|Any CPU
		{4FEA5F3D-58AA-4F54-9E9C-5E60EAB60BC0}.Release|Any CPU.Build.0 = Release|Any CPU
		{8CBB5DB0-AE9B-460F-A0D5-E0DDBFA62900}.Debug|Any CPU.ActiveCfg = Debug|Any CPU
		{8CBB5DB0-AE9B-460F-A0D5-E0DDBFA62900}.Debug|Any CPU.Build.0 = Debug|Any CPU
		{8CBB5DB0-AE9B-460F-A0D5-E0DDBFA62900}.Release|Any CPU.ActiveCfg = Release|Any CPU
		{8CBB5DB0-AE9B-460F-A0D5-E0DDBFA62900}.Release|Any CPU.Build.0 = Release|Any CPU
		{06C495C2-CC49-7B04-85F7-EA7C1B03167F}.Debug|Any CPU.ActiveCfg = Debug|Any CPU
		{06C495C2-CC49-7B04-85F7-EA7C1B03167F}.Debug|Any CPU.Build.0 = Debug|Any CPU
		{06C495C2-CC49-7B04-85F7-EA7C1B03167F}.Release|Any CPU.ActiveCfg = Release|Any CPU
		{06C495C2-CC49-7B04-85F7-EA7C1B03167F}.Release|Any CPU.Build.0 = Release|Any CPU
		{33694C1A-D701-4ADD-9395-33E5E6A32079}.Debug|Any CPU.ActiveCfg = Debug|Any CPU
		{33694C1A-D701-4ADD-9395-33E5E6A32079}.Debug|Any CPU.Build.0 = Debug|Any CPU
		{33694C1A-D701-4ADD-9395-33E5E6A32079}.Release|Any CPU.ActiveCfg = Release|Any CPU
		{33694C1A-D701-4ADD-9395-33E5E6A32079}.Release|Any CPU.Build.0 = Release|Any CPU
		{ABCA5875-1BB7-4E32-A6B0-12B35F0C2649}.Debug|Any CPU.ActiveCfg = Debug|Any CPU
		{ABCA5875-1BB7-4E32-A6B0-12B35F0C2649}.Debug|Any CPU.Build.0 = Debug|Any CPU
		{ABCA5875-1BB7-4E32-A6B0-12B35F0C2649}.Release|Any CPU.ActiveCfg = Release|Any CPU
		{ABCA5875-1BB7-4E32-A6B0-12B35F0C2649}.Release|Any CPU.Build.0 = Release|Any CPU
		{6E9639EA-CD5D-4A30-9E4E-C23929FC5DFC}.Debug|Any CPU.ActiveCfg = Debug|Any CPU
		{6E9639EA-CD5D-4A30-9E4E-C23929FC5DFC}.Debug|Any CPU.Build.0 = Debug|Any CPU
		{6E9639EA-CD5D-4A30-9E4E-C23929FC5DFC}.Release|Any CPU.ActiveCfg = Release|Any CPU
		{6E9639EA-CD5D-4A30-9E4E-C23929FC5DFC}.Release|Any CPU.Build.0 = Release|Any CPU
		{A1BE94EA-93CA-4FD9-9AFC-A65DEB7D2EE6}.Debug|Any CPU.ActiveCfg = Debug|Any CPU
		{A1BE94EA-93CA-4FD9-9AFC-A65DEB7D2EE6}.Debug|Any CPU.Build.0 = Debug|Any CPU
		{A1BE94EA-93CA-4FD9-9AFC-A65DEB7D2EE6}.Release|Any CPU.ActiveCfg = Release|Any CPU
		{A1BE94EA-93CA-4FD9-9AFC-A65DEB7D2EE6}.Release|Any CPU.Build.0 = Release|Any CPU
		{39125BEF-5FE8-4C26-894C-E47A4F2F9D74}.Debug|Any CPU.ActiveCfg = Debug|Any CPU
		{39125BEF-5FE8-4C26-894C-E47A4F2F9D74}.Debug|Any CPU.Build.0 = Debug|Any CPU
		{39125BEF-5FE8-4C26-894C-E47A4F2F9D74}.Release|Any CPU.ActiveCfg = Release|Any CPU
		{39125BEF-5FE8-4C26-894C-E47A4F2F9D74}.Release|Any CPU.Build.0 = Release|Any CPU
		{FFB794B2-156E-4603-A916-E30365F710E2}.Debug|Any CPU.ActiveCfg = Debug|Any CPU
		{FFB794B2-156E-4603-A916-E30365F710E2}.Debug|Any CPU.Build.0 = Debug|Any CPU
		{FFB794B2-156E-4603-A916-E30365F710E2}.Release|Any CPU.ActiveCfg = Release|Any CPU
		{FFB794B2-156E-4603-A916-E30365F710E2}.Release|Any CPU.Build.0 = Release|Any CPU
		{8AD87934-D64F-4036-A4D7-F8F3FB9396F4}.Debug|Any CPU.ActiveCfg = Debug|Any CPU
		{8AD87934-D64F-4036-A4D7-F8F3FB9396F4}.Debug|Any CPU.Build.0 = Debug|Any CPU
		{8AD87934-D64F-4036-A4D7-F8F3FB9396F4}.Release|Any CPU.ActiveCfg = Release|Any CPU
		{8AD87934-D64F-4036-A4D7-F8F3FB9396F4}.Release|Any CPU.Build.0 = Release|Any CPU
		{870FCD5C-7A26-46F7-A389-2A1C896813B7}.Debug|Any CPU.ActiveCfg = Debug|Any CPU
		{870FCD5C-7A26-46F7-A389-2A1C896813B7}.Debug|Any CPU.Build.0 = Debug|Any CPU
		{870FCD5C-7A26-46F7-A389-2A1C896813B7}.Release|Any CPU.ActiveCfg = Release|Any CPU
		{870FCD5C-7A26-46F7-A389-2A1C896813B7}.Release|Any CPU.Build.0 = Release|Any CPU
		{E08ADE64-676F-0764-F0A0-DFA772E9B23F}.Debug|Any CPU.ActiveCfg = Debug|Any CPU
		{E08ADE64-676F-0764-F0A0-DFA772E9B23F}.Debug|Any CPU.Build.0 = Debug|Any CPU
		{E08ADE64-676F-0764-F0A0-DFA772E9B23F}.Release|Any CPU.ActiveCfg = Release|Any CPU
		{E08ADE64-676F-0764-F0A0-DFA772E9B23F}.Release|Any CPU.Build.0 = Release|Any CPU
		{EEB17E09-55AA-2931-B55E-61B055468E6E}.Debug|Any CPU.ActiveCfg = Debug|Any CPU
		{EEB17E09-55AA-2931-B55E-61B055468E6E}.Debug|Any CPU.Build.0 = Debug|Any CPU
		{EEB17E09-55AA-2931-B55E-61B055468E6E}.Release|Any CPU.ActiveCfg = Release|Any CPU
		{EEB17E09-55AA-2931-B55E-61B055468E6E}.Release|Any CPU.Build.0 = Release|Any CPU
		{FF0A2381-F7DE-4ADF-A9CB-1B8397583BA8}.Debug|Any CPU.ActiveCfg = Debug|Any CPU
		{FF0A2381-F7DE-4ADF-A9CB-1B8397583BA8}.Debug|Any CPU.Build.0 = Debug|Any CPU
		{FF0A2381-F7DE-4ADF-A9CB-1B8397583BA8}.Release|Any CPU.ActiveCfg = Release|Any CPU
		{FF0A2381-F7DE-4ADF-A9CB-1B8397583BA8}.Release|Any CPU.Build.0 = Release|Any CPU
		{14A3773A-8ADA-EEA2-C11A-17D56618468E}.Debug|Any CPU.ActiveCfg = Debug|Any CPU
		{14A3773A-8ADA-EEA2-C11A-17D56618468E}.Debug|Any CPU.Build.0 = Debug|Any CPU
		{14A3773A-8ADA-EEA2-C11A-17D56618468E}.Release|Any CPU.ActiveCfg = Release|Any CPU
		{14A3773A-8ADA-EEA2-C11A-17D56618468E}.Release|Any CPU.Build.0 = Release|Any CPU
	EndGlobalSection
	GlobalSection(SolutionProperties) = preSolution
		HideSolutionNode = FALSE
	EndGlobalSection
	GlobalSection(NestedProjects) = preSolution
		{D5FED76C-2B11-4067-86F8-022CB06DCB60} = {68310C5A-62F2-40F4-A5C6-0314FDAC28E1}
		{C21D3EAC-B788-4FF8-BB87-D6C9DCC352BF} = {68310C5A-62F2-40F4-A5C6-0314FDAC28E1}
		{317E0AE0-4243-4238-8BAF-1E44AE97AA9B} = {6A52BEBE-4E44-41AC-8D1B-748DFA27D902}
		{05A17D64-9B2A-410E-888F-9C7989F81506} = {682A2D92-F409-43D5-9342-8DF5256F06CE}
		{D52376C0-97A8-48A2-A632-5713B2FC1BA3} = {68310C5A-62F2-40F4-A5C6-0314FDAC28E1}
		{79B54E4E-6423-427D-997D-103F3F7AC31D} = {682A2D92-F409-43D5-9342-8DF5256F06CE}
		{2162D628-81EC-463B-B938-487AD8B73D9B} = {68310C5A-62F2-40F4-A5C6-0314FDAC28E1}
		{5331EB87-AF76-4A4F-B779-C18D6C785EF3} = {682A2D92-F409-43D5-9342-8DF5256F06CE}
		{18EA930B-CCB6-4CC1-BF9D-8BD3C2E452B9} = {6A52BEBE-4E44-41AC-8D1B-748DFA27D902}
		{94E7253B-A2AF-46D0-A788-93A367C9C15D} = {6A52BEBE-4E44-41AC-8D1B-748DFA27D902}
		{4FEA5F3D-58AA-4F54-9E9C-5E60EAB60BC0} = {6A52BEBE-4E44-41AC-8D1B-748DFA27D902}
		{8CBB5DB0-AE9B-460F-A0D5-E0DDBFA62900} = {68310C5A-62F2-40F4-A5C6-0314FDAC28E1}
		{02EA681E-C7D8-13C7-8484-4AC65E1B71E8} = {C6043D8C-C340-429F-B214-1F7E7CF3B805}
		{06C495C2-CC49-7B04-85F7-EA7C1B03167F} = {02EA681E-C7D8-13C7-8484-4AC65E1B71E8}
		{33694C1A-D701-4ADD-9395-33E5E6A32079} = {02EA681E-C7D8-13C7-8484-4AC65E1B71E8}
		{ABCA5875-1BB7-4E32-A6B0-12B35F0C2649} = {02EA681E-C7D8-13C7-8484-4AC65E1B71E8}
		{6E9639EA-CD5D-4A30-9E4E-C23929FC5DFC} = {02EA681E-C7D8-13C7-8484-4AC65E1B71E8}
		{A1BE94EA-93CA-4FD9-9AFC-A65DEB7D2EE6} = {682A2D92-F409-43D5-9342-8DF5256F06CE}
		{39125BEF-5FE8-4C26-894C-E47A4F2F9D74} = {68310C5A-62F2-40F4-A5C6-0314FDAC28E1}
		{FFB794B2-156E-4603-A916-E30365F710E2} = {02EA681E-C7D8-13C7-8484-4AC65E1B71E8}
		{C6043D8C-C340-429F-B214-1F7E7CF3B805} = {6A52BEBE-4E44-41AC-8D1B-748DFA27D902}
		{19D3151C-0C81-4C9D-9F55-06158204B937} = {C6043D8C-C340-429F-B214-1F7E7CF3B805}
		{8AD87934-D64F-4036-A4D7-F8F3FB9396F4} = {682A2D92-F409-43D5-9342-8DF5256F06CE}
		{870FCD5C-7A26-46F7-A389-2A1C896813B7} = {68310C5A-62F2-40F4-A5C6-0314FDAC28E1}
		{E08ADE64-676F-0764-F0A0-DFA772E9B23F} = {68310C5A-62F2-40F4-A5C6-0314FDAC28E1}
		{EEB17E09-55AA-2931-B55E-61B055468E6E} = {682A2D92-F409-43D5-9342-8DF5256F06CE}
		{FF0A2381-F7DE-4ADF-A9CB-1B8397583BA8} = {6A52BEBE-4E44-41AC-8D1B-748DFA27D902}
		{14A3773A-8ADA-EEA2-C11A-17D56618468E} = {6A52BEBE-4E44-41AC-8D1B-748DFA27D902}
	EndGlobalSection
	GlobalSection(ExtensibilityGlobals) = postSolution
		SolutionGuid = {EEB92BC2-1DB4-4057-8D49-2E995AA1F80B}
	EndGlobalSection
EndGlobal
