
Microsoft Visual Studio Solution File, Format Version 12.00
# Visual Studio Version 16
VisualStudioVersion = 16.0.30804.86
MinimumVisualStudioVersion = 10.0.40219.1
Project("{FAE04EC0-301F-11D3-BF4B-00C04F79EFBC}") = "Bodoconsult.Core.I18N", "Bodoconsult.Core.I18N\Bodoconsult.Core.I18N.csproj", "{5B5B5ED2-5656-4BF2-B030-31F39171705E}"
EndProject
Project("{FAE04EC0-301F-11D3-BF4B-00C04F79EFBC}") = "Bodoconsult.Core.I18N.Test", "Bodoconsult.Core.I18N.Test\Bodoconsult.Core.I18N.Test.csproj", "{A43CAEE4-CC7E-4B67-9769-979784F65E36}"
EndProject
Global
	GlobalSection(SolutionConfigurationPlatforms) = preSolution
		Debug|Any CPU = Debug|Any CPU
		Release|Any CPU = Release|Any CPU
	EndGlobalSection
	GlobalSection(ProjectConfigurationPlatforms) = postSolution
		{5B5B5ED2-5656-4BF2-B030-31F39171705E}.Debug|Any CPU.ActiveCfg = Debug|Any CPU
		{5B5B5ED2-5656-4BF2-B030-31F39171705E}.Debug|Any CPU.Build.0 = Debug|Any CPU
		{5B5B5ED2-5656-4BF2-B030-31F39171705E}.Release|Any CPU.ActiveCfg = Release|Any CPU
		{5B5B5ED2-5656-4BF2-B030-31F39171705E}.Release|Any CPU.Build.0 = Release|Any CPU
		{A43CAEE4-CC7E-4B67-9769-979784F65E36}.Debug|Any CPU.ActiveCfg = Debug|Any CPU
		{A43CAEE4-CC7E-4B67-9769-979784F65E36}.Debug|Any CPU.Build.0 = Debug|Any CPU
		{A43CAEE4-CC7E-4B67-9769-979784F65E36}.Release|Any CPU.ActiveCfg = Release|Any CPU
		{A43CAEE4-CC7E-4B67-9769-979784F65E36}.Release|Any CPU.Build.0 = Release|Any CPU
	EndGlobalSection
	GlobalSection(SolutionProperties) = preSolution
		HideSolutionNode = FALSE
	EndGlobalSection
	GlobalSection(ExtensibilityGlobals) = postSolution
		SolutionGuid = {CCA88ACC-5E24-4DFB-A0A4-4346E92128F4}
	EndGlobalSection
EndGlobal
